
Microsoft Visual Studio Solution File, Format Version 12.00
# Visual Studio Version 16
VisualStudioVersion = 16.0.29201.188
MinimumVisualStudioVersion = 10.0.40219.1
Project("{FAE04EC0-301F-11D3-BF4B-00C04F79EFBC}") = "classCalculator", "classCalculator\classCalculator.csproj", "{FDAF2131-85AC-4220-9451-5B92A2A8805B}"
EndProject
Project("{FAE04EC0-301F-11D3-BF4B-00C04F79EFBC}") = "classCalculatorTestProject", "ClassCalculatorProject\classCalculatorTestProject.csproj", "{67847A5B-DE4A-4E18-AA25-BA8C0FA8A918}"
EndProject
Project("{FAE04EC0-301F-11D3-BF4B-00C04F79EFBC}") = "classCalculatorLibraryProject", "classCalculatorLibraryProject\classCalculatorLibraryProject.csproj", "{244DB91F-9F32-41BF-8908-144FE3A9CF31}"
EndProject
Global
	GlobalSection(SolutionConfigurationPlatforms) = preSolution
		Debug|Any CPU = Debug|Any CPU
		Release|Any CPU = Release|Any CPU
	EndGlobalSection
	GlobalSection(ProjectConfigurationPlatforms) = postSolution
		{FDAF2131-85AC-4220-9451-5B92A2A8805B}.Debug|Any CPU.ActiveCfg = Debug|Any CPU
		{FDAF2131-85AC-4220-9451-5B92A2A8805B}.Debug|Any CPU.Build.0 = Debug|Any CPU
		{FDAF2131-85AC-4220-9451-5B92A2A8805B}.Release|Any CPU.ActiveCfg = Release|Any CPU
		{FDAF2131-85AC-4220-9451-5B92A2A8805B}.Release|Any CPU.Build.0 = Release|Any CPU
		{67847A5B-DE4A-4E18-AA25-BA8C0FA8A918}.Debug|Any CPU.ActiveCfg = Debug|Any CPU
		{67847A5B-DE4A-4E18-AA25-BA8C0FA8A918}.Debug|Any CPU.Build.0 = Debug|Any CPU
		{67847A5B-DE4A-4E18-AA25-BA8C0FA8A918}.Release|Any CPU.ActiveCfg = Release|Any CPU
		{67847A5B-DE4A-4E18-AA25-BA8C0FA8A918}.Release|Any CPU.Build.0 = Release|Any CPU
		{244DB91F-9F32-41BF-8908-144FE3A9CF31}.Debug|Any CPU.ActiveCfg = Debug|Any CPU
		{244DB91F-9F32-41BF-8908-144FE3A9CF31}.Debug|Any CPU.Build.0 = Debug|Any CPU
		{244DB91F-9F32-41BF-8908-144FE3A9CF31}.Release|Any CPU.ActiveCfg = Release|Any CPU
		{244DB91F-9F32-41BF-8908-144FE3A9CF31}.Release|Any CPU.Build.0 = Release|Any CPU
	EndGlobalSection
	GlobalSection(SolutionProperties) = preSolution
		HideSolutionNode = FALSE
	EndGlobalSection
	GlobalSection(ExtensibilityGlobals) = postSolution
		SolutionGuid = {A54E3005-9F74-4291-83EF-16213406185F}
	EndGlobalSection
EndGlobal
